
Microsoft Visual Studio Solution File, Format Version 12.00
# Visual Studio Version 17
VisualStudioVersion = 17.0.32112.339
MinimumVisualStudioVersion = 10.0.40219.1
Project("{9A19103F-16F7-4668-BE54-9A1E7A4F7556}") = "Squirrel.Notifier.WebAPI", "Squirrel.Notifier\Squirrel.Notifier.WebAPI\Squirrel.Notifier.WebAPI.csproj", "{65DC6844-09DD-4D70-BEC1-C4A3CAA9CAC3}"
EndProject
Project("{9A19103F-16F7-4668-BE54-9A1E7A4F7556}") = "Squirrel.Core.WebAPI", "Squirrel.Core\Squirrel.Core.WebAPI\Squirrel.Core.WebAPI.csproj", "{4BD7B67A-4708-42E3-9ED0-53A7E2FA8B30}"
EndProject
Project("{9A19103F-16F7-4668-BE54-9A1E7A4F7556}") = "Squirrel.Core.DAL", "Squirrel.Core\Squirrel.Core.DAL\Squirrel.Core.DAL.csproj", "{0B86AC26-ECD3-4A51-96BD-906E3CC2A513}"
EndProject
Project("{9A19103F-16F7-4668-BE54-9A1E7A4F7556}") = "Squirrel.Core.Common", "Squirrel.Core\Squirrel.Core.Common\Squirrel.Core.Common.csproj", "{9F2EE2E6-5738-4CEF-9D20-F0493B5C9773}"
EndProject
Project("{9A19103F-16F7-4668-BE54-9A1E7A4F7556}") = "Squirrel.Core.BLL", "Squirrel.Core\Squirrel.Core.BLL\Squirrel.Core.BLL.csproj", "{0BF81DD6-4BFA-4047-AD37-3C9CAE8E1040}"
EndProject
Project("{FAE04EC0-301F-11D3-BF4B-00C04F79EFBC}") = "Squirrel.AzureBlobStorage", "Squirrel.AzureBlobStorage\Squirrel.AzureBlobStorage.csproj", "{AAB88BA5-131C-42E6-9004-254FBAACA7A9}"
EndProject
Project("{9A19103F-16F7-4668-BE54-9A1E7A4F7556}") = "Squirrel.ConsoleApp", "Squirrel.ConsoleApp\Squirrel.ConsoleApp.csproj", "{A77813D7-094A-4AAE-96F9-4408A7A353E2}"
EndProject
Project("{FAE04EC0-301F-11D3-BF4B-00C04F79EFBC}") = "Squirrel.ExceptionHandling", "Squirrel.ExceptionHandling\Squirrel.ExceptionHandling.csproj", "{48092366-1949-48AA-969F-C3CC7382B98F}"
EndProject
Global
	GlobalSection(SolutionConfigurationPlatforms) = preSolution
		Debug|Any CPU = Debug|Any CPU
		Release|Any CPU = Release|Any CPU
	EndGlobalSection
	GlobalSection(ProjectConfigurationPlatforms) = postSolution
		{65DC6844-09DD-4D70-BEC1-C4A3CAA9CAC3}.Debug|Any CPU.ActiveCfg = Debug|Any CPU
		{65DC6844-09DD-4D70-BEC1-C4A3CAA9CAC3}.Debug|Any CPU.Build.0 = Debug|Any CPU
		{65DC6844-09DD-4D70-BEC1-C4A3CAA9CAC3}.Release|Any CPU.ActiveCfg = Release|Any CPU
		{65DC6844-09DD-4D70-BEC1-C4A3CAA9CAC3}.Release|Any CPU.Build.0 = Release|Any CPU
		{4BD7B67A-4708-42E3-9ED0-53A7E2FA8B30}.Debug|Any CPU.ActiveCfg = Debug|Any CPU
		{4BD7B67A-4708-42E3-9ED0-53A7E2FA8B30}.Debug|Any CPU.Build.0 = Debug|Any CPU
		{4BD7B67A-4708-42E3-9ED0-53A7E2FA8B30}.Release|Any CPU.ActiveCfg = Release|Any CPU
		{4BD7B67A-4708-42E3-9ED0-53A7E2FA8B30}.Release|Any CPU.Build.0 = Release|Any CPU
		{0B86AC26-ECD3-4A51-96BD-906E3CC2A513}.Debug|Any CPU.ActiveCfg = Debug|Any CPU
		{0B86AC26-ECD3-4A51-96BD-906E3CC2A513}.Debug|Any CPU.Build.0 = Debug|Any CPU
		{0B86AC26-ECD3-4A51-96BD-906E3CC2A513}.Release|Any CPU.ActiveCfg = Release|Any CPU
		{0B86AC26-ECD3-4A51-96BD-906E3CC2A513}.Release|Any CPU.Build.0 = Release|Any CPU
		{9F2EE2E6-5738-4CEF-9D20-F0493B5C9773}.Debug|Any CPU.ActiveCfg = Debug|Any CPU
		{9F2EE2E6-5738-4CEF-9D20-F0493B5C9773}.Debug|Any CPU.Build.0 = Debug|Any CPU
		{9F2EE2E6-5738-4CEF-9D20-F0493B5C9773}.Release|Any CPU.ActiveCfg = Release|Any CPU
		{9F2EE2E6-5738-4CEF-9D20-F0493B5C9773}.Release|Any CPU.Build.0 = Release|Any CPU
		{0BF81DD6-4BFA-4047-AD37-3C9CAE8E1040}.Debug|Any CPU.ActiveCfg = Debug|Any CPU
		{0BF81DD6-4BFA-4047-AD37-3C9CAE8E1040}.Debug|Any CPU.Build.0 = Debug|Any CPU
		{0BF81DD6-4BFA-4047-AD37-3C9CAE8E1040}.Release|Any CPU.ActiveCfg = Release|Any CPU
		{0BF81DD6-4BFA-4047-AD37-3C9CAE8E1040}.Release|Any CPU.Build.0 = Release|Any CPU
		{AAB88BA5-131C-42E6-9004-254FBAACA7A9}.Debug|Any CPU.ActiveCfg = Debug|Any CPU
		{AAB88BA5-131C-42E6-9004-254FBAACA7A9}.Debug|Any CPU.Build.0 = Debug|Any CPU
		{AAB88BA5-131C-42E6-9004-254FBAACA7A9}.Release|Any CPU.ActiveCfg = Release|Any CPU
		{AAB88BA5-131C-42E6-9004-254FBAACA7A9}.Release|Any CPU.Build.0 = Release|Any CPU
		{A77813D7-094A-4AAE-96F9-4408A7A353E2}.Debug|Any CPU.ActiveCfg = Debug|Any CPU
		{A77813D7-094A-4AAE-96F9-4408A7A353E2}.Debug|Any CPU.Build.0 = Debug|Any CPU
		{A77813D7-094A-4AAE-96F9-4408A7A353E2}.Release|Any CPU.ActiveCfg = Release|Any CPU
		{A77813D7-094A-4AAE-96F9-4408A7A353E2}.Release|Any CPU.Build.0 = Release|Any CPU
		{48092366-1949-48AA-969F-C3CC7382B98F}.Debug|Any CPU.ActiveCfg = Debug|Any CPU
		{48092366-1949-48AA-969F-C3CC7382B98F}.Debug|Any CPU.Build.0 = Debug|Any CPU
		{48092366-1949-48AA-969F-C3CC7382B98F}.Release|Any CPU.ActiveCfg = Release|Any CPU
		{48092366-1949-48AA-969F-C3CC7382B98F}.Release|Any CPU.Build.0 = Release|Any CPU
	EndGlobalSection
	GlobalSection(SolutionProperties) = preSolution
		HideSolutionNode = FALSE
	EndGlobalSection
	GlobalSection(ExtensibilityGlobals) = postSolution
		SolutionGuid = {D5F803EB-13E0-463F-B0E1-3E44A2D6F4B1}
	EndGlobalSection
EndGlobal
